
Microsoft Visual Studio Solution File, Format Version 12.00
# Visual Studio Version 16
VisualStudioVersion = 16.0.31129.286
MinimumVisualStudioVersion = 10.0.40219.1
Project("{159641D6-6404-4A2A-AE62-294DE0FE8301}") = "10_ZipUnzip", "10_ZipUnzip.dtproj", "{8C162D84-2555-4B1A-AF03-0FA3EB758867}"
EndProject
Global
	GlobalSection(SolutionConfigurationPlatforms) = preSolution
		Development|Default = Development|Default
	EndGlobalSection
	GlobalSection(ProjectConfigurationPlatforms) = postSolution
		{8C162D84-2555-4B1A-AF03-0FA3EB758867}.Development|Default.ActiveCfg = Development
		{8C162D84-2555-4B1A-AF03-0FA3EB758867}.Development|Default.Build.0 = Development
	EndGlobalSection
	GlobalSection(SolutionProperties) = preSolution
		HideSolutionNode = FALSE
	EndGlobalSection
	GlobalSection(ExtensibilityGlobals) = postSolution
		SolutionGuid = {F370935D-2FDC-49D2-B654-CB3BB63B10E9}
	EndGlobalSection
EndGlobal
